
Microsoft Visual Studio Solution File, Format Version 12.00
# Visual Studio Version 17
VisualStudioVersion = 17.2.32630.192
MinimumVisualStudioVersion = 10.0.40219.1
Project("{FAE04EC0-301F-11D3-BF4B-00C04F79EFBC}") = "NotinoBeTask", "NotinoBeTask.csproj", "{4AF1993D-7CAD-4D6E-B3DB-3558224C76EE}"
EndProject
Global
	GlobalSection(SolutionConfigurationPlatforms) = preSolution
		Debug|Any CPU = Debug|Any CPU
		Release|Any CPU = Release|Any CPU
	EndGlobalSection
	GlobalSection(ProjectConfigurationPlatforms) = postSolution
		{4AF1993D-7CAD-4D6E-B3DB-3558224C76EE}.Debug|Any CPU.ActiveCfg = Debug|Any CPU
		{4AF1993D-7CAD-4D6E-B3DB-3558224C76EE}.Debug|Any CPU.Build.0 = Debug|Any CPU
		{4AF1993D-7CAD-4D6E-B3DB-3558224C76EE}.Release|Any CPU.ActiveCfg = Release|Any CPU
		{4AF1993D-7CAD-4D6E-B3DB-3558224C76EE}.Release|Any CPU.Build.0 = Release|Any CPU
	EndGlobalSection
	GlobalSection(SolutionProperties) = preSolution
		HideSolutionNode = FALSE
	EndGlobalSection
	GlobalSection(ExtensibilityGlobals) = postSolution
		SolutionGuid = {7564C3E9-99C2-411E-9C94-46882A30D871}
	EndGlobalSection
EndGlobal
